
Microsoft Visual Studio Solution File, Format Version 12.00
# Visual Studio Version 17
VisualStudioVersion = 17.5.33530.505
MinimumVisualStudioVersion = 10.0.40219.1
Project("{FAE04EC0-301F-11D3-BF4B-00C04F79EFBC}") = "Delegate 1", "Delegate 1\Delegate 1.csproj", "{B1898747-90F7-4C75-950D-32656F3C21B7}"
EndProject
Global
	GlobalSection(SolutionConfigurationPlatforms) = preSolution
		Debug|Any CPU = Debug|Any CPU
		Release|Any CPU = Release|Any CPU
	EndGlobalSection
	GlobalSection(ProjectConfigurationPlatforms) = postSolution
		{B1898747-90F7-4C75-950D-32656F3C21B7}.Debug|Any CPU.ActiveCfg = Debug|Any CPU
		{B1898747-90F7-4C75-950D-32656F3C21B7}.Debug|Any CPU.Build.0 = Debug|Any CPU
		{B1898747-90F7-4C75-950D-32656F3C21B7}.Release|Any CPU.ActiveCfg = Release|Any CPU
		{B1898747-90F7-4C75-950D-32656F3C21B7}.Release|Any CPU.Build.0 = Release|Any CPU
	EndGlobalSection
	GlobalSection(SolutionProperties) = preSolution
		HideSolutionNode = FALSE
	EndGlobalSection
	GlobalSection(ExtensibilityGlobals) = postSolution
		SolutionGuid = {4CACC48E-817D-4DF7-99E6-DC354D282D6D}
	EndGlobalSection
EndGlobal
